Microsoft Visual Studio Solution File, Format Version 12.00
# Visual Studio Version 17
VisualStudioVersion = 17.5.2.0
MinimumVisualStudioVersion = 10.0.40219.1
Project("{2150E333-8FDC-42A3-9474-1A3956D46DE8}") = "Pim-V-main", "Pim-V-main", "{2B3B5526-D547-5339-D858-7B08A522FB67}"
EndProject
Project("{FAE04EC0-301F-11D3-BF4B-00C04F79EFBC}") = "ConsoleApp1", "Pim-V-main\ConsoleApp1.csproj", "{128257BE-759F-3BC5-B6C1-28DE4D7217B9}"
EndProject
Global
	GlobalSection(SolutionConfigurationPlatforms) = preSolution
		Debug|Any CPU = Debug|Any CPU
		Release|Any CPU = Release|Any CPU
	EndGlobalSection
	GlobalSection(ProjectConfigurationPlatforms) = postSolution
		{128257BE-759F-3BC5-B6C1-28DE4D7217B9}.Debug|Any CPU.ActiveCfg = Debug|Any CPU
		{128257BE-759F-3BC5-B6C1-28DE4D7217B9}.Debug|Any CPU.Build.0 = Debug|Any CPU
		{128257BE-759F-3BC5-B6C1-28DE4D7217B9}.Release|Any CPU.ActiveCfg = Release|Any CPU
		{128257BE-759F-3BC5-B6C1-28DE4D7217B9}.Release|Any CPU.Build.0 = Release|Any CPU
	EndGlobalSection
	GlobalSection(SolutionProperties) = preSolution
		HideSolutionNode = FALSE
	EndGlobalSection
	GlobalSection(NestedProjects) = preSolution
		{128257BE-759F-3BC5-B6C1-28DE4D7217B9} = {2B3B5526-D547-5339-D858-7B08A522FB67}
	EndGlobalSection
	GlobalSection(ExtensibilityGlobals) = postSolution
		SolutionGuid = {7CDF182A-7877-4C6B-93E0-8A41BDD79660}
	EndGlobalSection
EndGlobal
